
Microsoft Visual Studio Solution File, Format Version 12.00
# Visual Studio Version 16
VisualStudioVersion = 16.0.29728.190
MinimumVisualStudioVersion = 10.0.40219.1
Project("{FAE04EC0-301F-11D3-BF4B-00C04F79EFBC}") = "DevIO.UI.Site", "src\DevIO.UI.Site\DevIO.UI.Site.csproj", "{76B55E94-7CD3-4D19-96E7-689EFC3D5D75}"
EndProject
Global
	GlobalSection(SolutionConfigurationPlatforms) = preSolution
		Debug|Any CPU = Debug|Any CPU
		Release|Any CPU = Release|Any CPU
	EndGlobalSection
	GlobalSection(ProjectConfigurationPlatforms) = postSolution
		{76B55E94-7CD3-4D19-96E7-689EFC3D5D75}.Debug|Any CPU.ActiveCfg = Debug|Any CPU
		{76B55E94-7CD3-4D19-96E7-689EFC3D5D75}.Debug|Any CPU.Build.0 = Debug|Any CPU
		{76B55E94-7CD3-4D19-96E7-689EFC3D5D75}.Release|Any CPU.ActiveCfg = Release|Any CPU
		{76B55E94-7CD3-4D19-96E7-689EFC3D5D75}.Release|Any CPU.Build.0 = Release|Any CPU
	EndGlobalSection
	GlobalSection(SolutionProperties) = preSolution
		HideSolutionNode = FALSE
	EndGlobalSection
	GlobalSection(ExtensibilityGlobals) = postSolution
		SolutionGuid = {3EF8C0A0-A0CE-4B1E-974C-2AC5DB71771B}
	EndGlobalSection
EndGlobal
